
Microsoft Visual Studio Solution File, Format Version 12.00
# Visual Studio Version 17
VisualStudioVersion = 17.10.35004.147
MinimumVisualStudioVersion = 10.0.40219.1
Project("{9A19103F-16F7-4668-BE54-9A1E7A4F7556}") = "ECommerce.Api.Customers", "ECommerce.Api.Customers\ECommerce.Api.Customers.csproj", "{322F77B0-82D1-4C88-B4E3-986A93B75D43}"
EndProject
Project("{9A19103F-16F7-4668-BE54-9A1E7A4F7556}") = "ECommerce.Api.Orders", "ECommerce.Api.Orders\ECommerce.Api.Orders.csproj", "{4D4346F0-FA17-4D16-A151-8BF07FF54F44}"
EndProject
Project("{9A19103F-16F7-4668-BE54-9A1E7A4F7556}") = "ECommerce.Api.Search", "ECommerce.Api.Search\ECommerce.Api.Search.csproj", "{F4890C26-AA25-46B9-A183-C0F1957A267C}"
EndProject
Project("{9A19103F-16F7-4668-BE54-9A1E7A4F7556}") = "ECommerce.Api.Products", "ECommerce.Api.Products\ECommerce.Api.Products.csproj", "{7D909F9B-712B-4292-9006-3745AC4B9346}"
EndProject
Project("{FAE04EC0-301F-11D3-BF4B-00C04F79EFBC}") = "ECommerce.Api.Products.Tests", "ECommerce.Api.Products.Tests\ECommerce.Api.Products.Tests.csproj", "{93055F7E-7A51-4500-ACC5-6BC808E42FC3}"
EndProject
Global
	GlobalSection(SolutionConfigurationPlatforms) = preSolution
		Debug|Any CPU = Debug|Any CPU
		Release|Any CPU = Release|Any CPU
	EndGlobalSection
	GlobalSection(ProjectConfigurationPlatforms) = postSolution
		{322F77B0-82D1-4C88-B4E3-986A93B75D43}.Debug|Any CPU.ActiveCfg = Debug|Any CPU
		{322F77B0-82D1-4C88-B4E3-986A93B75D43}.Debug|Any CPU.Build.0 = Debug|Any CPU
		{322F77B0-82D1-4C88-B4E3-986A93B75D43}.Release|Any CPU.ActiveCfg = Release|Any CPU
		{322F77B0-82D1-4C88-B4E3-986A93B75D43}.Release|Any CPU.Build.0 = Release|Any CPU
		{4D4346F0-FA17-4D16-A151-8BF07FF54F44}.Debug|Any CPU.ActiveCfg = Debug|Any CPU
		{4D4346F0-FA17-4D16-A151-8BF07FF54F44}.Debug|Any CPU.Build.0 = Debug|Any CPU
		{4D4346F0-FA17-4D16-A151-8BF07FF54F44}.Release|Any CPU.ActiveCfg = Release|Any CPU
		{4D4346F0-FA17-4D16-A151-8BF07FF54F44}.Release|Any CPU.Build.0 = Release|Any CPU
		{F4890C26-AA25-46B9-A183-C0F1957A267C}.Debug|Any CPU.ActiveCfg = Debug|Any CPU
		{F4890C26-AA25-46B9-A183-C0F1957A267C}.Debug|Any CPU.Build.0 = Debug|Any CPU
		{F4890C26-AA25-46B9-A183-C0F1957A267C}.Release|Any CPU.ActiveCfg = Release|Any CPU
		{F4890C26-AA25-46B9-A183-C0F1957A267C}.Release|Any CPU.Build.0 = Release|Any CPU
		{7D909F9B-712B-4292-9006-3745AC4B9346}.Debug|Any CPU.ActiveCfg = Debug|Any CPU
		{7D909F9B-712B-4292-9006-3745AC4B9346}.Debug|Any CPU.Build.0 = Debug|Any CPU
		{7D909F9B-712B-4292-9006-3745AC4B9346}.Release|Any CPU.ActiveCfg = Release|Any CPU
		{7D909F9B-712B-4292-9006-3745AC4B9346}.Release|Any CPU.Build.0 = Release|Any CPU
		{93055F7E-7A51-4500-ACC5-6BC808E42FC3}.Debug|Any CPU.ActiveCfg = Debug|Any CPU
		{93055F7E-7A51-4500-ACC5-6BC808E42FC3}.Debug|Any CPU.Build.0 = Debug|Any CPU
		{93055F7E-7A51-4500-ACC5-6BC808E42FC3}.Release|Any CPU.ActiveCfg = Release|Any CPU
		{93055F7E-7A51-4500-ACC5-6BC808E42FC3}.Release|Any CPU.Build.0 = Release|Any CPU
	EndGlobalSection
	GlobalSection(SolutionProperties) = preSolution
		HideSolutionNode = FALSE
	EndGlobalSection
	GlobalSection(ExtensibilityGlobals) = postSolution
		SolutionGuid = {818D2222-BA35-4682-A7A0-89F58C8CA897}
	EndGlobalSection
EndGlobal
